
Microsoft Visual Studio Solution File, Format Version 12.00
# Visual Studio Version 17
VisualStudioVersion = 17.10.35027.167
MinimumVisualStudioVersion = 10.0.40219.1
Project("{FAE04EC0-301F-11D3-BF4B-00C04F79EFBC}") = "UserManagement", "UserManagement\UserManagement.csproj", "{14FF675E-453C-479A-B2F5-5E3F78C075D6}"
EndProject
Global
	GlobalSection(SolutionConfigurationPlatforms) = preSolution
		Debug|Any CPU = Debug|Any CPU
		Release|Any CPU = Release|Any CPU
	EndGlobalSection
	GlobalSection(ProjectConfigurationPlatforms) = postSolution
		{14FF675E-453C-479A-B2F5-5E3F78C075D6}.Debug|Any CPU.ActiveCfg = Debug|Any CPU
		{14FF675E-453C-479A-B2F5-5E3F78C075D6}.Debug|Any CPU.Build.0 = Debug|Any CPU
		{14FF675E-453C-479A-B2F5-5E3F78C075D6}.Release|Any CPU.ActiveCfg = Release|Any CPU
		{14FF675E-453C-479A-B2F5-5E3F78C075D6}.Release|Any CPU.Build.0 = Release|Any CPU
	EndGlobalSection
	GlobalSection(SolutionProperties) = preSolution
		HideSolutionNode = FALSE
	EndGlobalSection
	GlobalSection(ExtensibilityGlobals) = postSolution
		SolutionGuid = {2E7EE565-6A73-4FFE-8755-AA38D492E72B}
	EndGlobalSection
EndGlobal
